
Microsoft Visual Studio Solution File, Format Version 11.00
# Visual Studio 2010
Project("{FAE04EC0-301F-11D3-BF4B-00C04F79EFBC}") = "Core", "Core\Core.csproj", "{918E99C7-47F3-48C1-8873-C9F58293F483}"
EndProject
Project("{FAE04EC0-301F-11D3-BF4B-00C04F79EFBC}") = "Core.Tests", "Core.Tests\Core.Tests.csproj", "{33962A7F-FA73-4A76-A99B-888E6924C193}"
EndProject
Global
	GlobalSection(SolutionConfigurationPlatforms) = preSolution
		Debug|Any CPU = Debug|Any CPU
		Release|Any CPU = Release|Any CPU
	EndGlobalSection
	GlobalSection(ProjectConfigurationPlatforms) = postSolution
		{33962A7F-FA73-4A76-A99B-888E6924C193}.Debug|Any CPU.ActiveCfg = Debug|Any CPU
		{33962A7F-FA73-4A76-A99B-888E6924C193}.Debug|Any CPU.Build.0 = Debug|Any CPU
		{33962A7F-FA73-4A76-A99B-888E6924C193}.Release|Any CPU.ActiveCfg = Release|Any CPU
		{33962A7F-FA73-4A76-A99B-888E6924C193}.Release|Any CPU.Build.0 = Release|Any CPU
		{918E99C7-47F3-48C1-8873-C9F58293F483}.Debug|Any CPU.ActiveCfg = Debug|Any CPU
		{918E99C7-47F3-48C1-8873-C9F58293F483}.Debug|Any CPU.Build.0 = Debug|Any CPU
		{918E99C7-47F3-48C1-8873-C9F58293F483}.Release|Any CPU.ActiveCfg = Release|Any CPU
		{918E99C7-47F3-48C1-8873-C9F58293F483}.Release|Any CPU.Build.0 = Release|Any CPU
	EndGlobalSection
	GlobalSection(MonoDevelopProperties) = preSolution
		StartupItem = Core.Tests\Core.Tests.csproj
	EndGlobalSection
EndGlobal
